
Microsoft Visual Studio Solution File, Format Version 11.00
# Visual Studio 2010
Project("{FAE04EC0-301F-11D3-BF4B-00C04F79EFBC}") = "Netflix Player", "Netflix Player\Netflix Player.csproj", "{4872E9AE-E761-48EA-9792-45A74144FC8D}"
EndProject
Project("{54435603-DBB4-11D2-8724-00A0C9A8B90C}") = "Installer", "Installer\Installer.vdproj", "{B4FD2289-380A-44D0-9A2B-73112D91A005}"
EndProject
Global
	GlobalSection(SolutionConfigurationPlatforms) = preSolution
		Debug|x86 = Debug|x86
		Release|x86 = Release|x86
	EndGlobalSection
	GlobalSection(ProjectConfigurationPlatforms) = postSolution
		{4872E9AE-E761-48EA-9792-45A74144FC8D}.Debug|x86.ActiveCfg = Debug|x86
		{4872E9AE-E761-48EA-9792-45A74144FC8D}.Debug|x86.Build.0 = Debug|x86
		{4872E9AE-E761-48EA-9792-45A74144FC8D}.Release|x86.ActiveCfg = Release|x86
		{4872E9AE-E761-48EA-9792-45A74144FC8D}.Release|x86.Build.0 = Release|x86
		{B4FD2289-380A-44D0-9A2B-73112D91A005}.Debug|x86.ActiveCfg = Debug
		{B4FD2289-380A-44D0-9A2B-73112D91A005}.Release|x86.ActiveCfg = Release
	EndGlobalSection
	GlobalSection(SolutionProperties) = preSolution
		HideSolutionNode = FALSE
	EndGlobalSection
EndGlobal
